
Microsoft Visual Studio Solution File, Format Version 12.00
# Visual Studio Version 17
VisualStudioVersion = 17.5.002.0
MinimumVisualStudioVersion = 10.0.40219.1
Project("{2150E333-8FDC-42A3-9474-1A3956D46DE8}") = "csharp-prep", "csharp-prep", "{A05C110F-214D-4622-95D8-FA8D5BA5488C}"
EndProject
Project("{9A19103F-16F7-4668-BE54-9A1E7A4F7556}") = "Prep1", "csharp-prep\Prep1\Prep1.csproj", "{ECD0F697-A337-40DD-9635-39BA6FF7EF1E}"
EndProject
Project("{9A19103F-16F7-4668-BE54-9A1E7A4F7556}") = "Prep2", "csharp-prep\Prep2\Prep2.csproj", "{C7D4C7F2-100F-4F86-9E1C-FB12C13455C1}"
EndProject
Project("{9A19103F-16F7-4668-BE54-9A1E7A4F7556}") = "Prep3", "csharp-prep\Prep3\Prep3.csproj", "{19BA5954-AC1F-4005-BAB8-1BCC2B9C7893}"
EndProject
Project("{9A19103F-16F7-4668-BE54-9A1E7A4F7556}") = "Prep4", "csharp-prep\Prep4\Prep4.csproj", "{A388F33D-4FD5-43E6-8CBE-564D85E50886}"
EndProject
Project("{9A19103F-16F7-4668-BE54-9A1E7A4F7556}") = "Prep5", "csharp-prep\Prep5\Prep5.csproj", "{C435C768-4319-4AEA-8C20-B1326AC634B8}"
EndProject
Project("{2150E333-8FDC-42A3-9474-1A3956D46DE8}") = "foundation", "foundation", "{5AB34448-FB12-42C6-B20C-D71C7B0123A7}"
EndProject
Project("{9A19103F-16F7-4668-BE54-9A1E7A4F7556}") = "Foundation1", "foundation\Foundation1\Foundation1.csproj", "{133265C0-60F2-46F8-A48C-A66F195CD96A}"
EndProject
Project("{9A19103F-16F7-4668-BE54-9A1E7A4F7556}") = "Foundation2", "foundation\Foundation2\Foundation2.csproj", "{0755AE51-804F-42B0-AC57-F7ACCFA8F6AC}"
EndProject
Project("{9A19103F-16F7-4668-BE54-9A1E7A4F7556}") = "Foundation3", "foundation\Foundation3\Foundation3.csproj", "{483EB779-9201-422E-897C-D3D82D5F4AA3}"
EndProject
Project("{2150E333-8FDC-42A3-9474-1A3956D46DE8}") = "prepare", "prepare", "{04DF2AD7-EA78-48B3-A0C5-438C6494D977}"
EndProject
Project("{9A19103F-16F7-4668-BE54-9A1E7A4F7556}") = "Learning02", "prepare\Learning02\Learning02.csproj", "{C9F5D706-6F0C-4A44-B7B1-8E92C06FE8FE}"
EndProject
Project("{9A19103F-16F7-4668-BE54-9A1E7A4F7556}") = "Learning03", "prepare\Learning03\Learning03.csproj", "{B0F3EDD4-C1C5-49F1-B5B2-A4B69BF489E5}"
EndProject
Project("{9A19103F-16F7-4668-BE54-9A1E7A4F7556}") = "Learning05", "prepare\Learning05\Learning05.csproj", "{C3423139-B8B6-47BE-92CC-ED79EBCB0FCC}"
EndProject
Project("{9A19103F-16F7-4668-BE54-9A1E7A4F7556}") = "Learning06", "prepare\Learning06\Learning06.csproj", "{C2ED63A4-20EB-40D5-B23B-12DFF8C65ECC}"
EndProject
Project("{2150E333-8FDC-42A3-9474-1A3956D46DE8}") = "prove", "prove", "{D576CF57-F403-4A9B-B478-A0357D6DAAF4}"
EndProject
Project("{9A19103F-16F7-4668-BE54-9A1E7A4F7556}") = "Develop02", "prove\Develop02\Develop02.csproj", "{1074AE0E-61BB-4F20-A371-1EDED09B14DB}"
EndProject
Project("{9A19103F-16F7-4668-BE54-9A1E7A4F7556}") = "Develop03", "prove\Develop03\Develop03.csproj", "{167685E4-DC89-4C54-9130-474C65C3AB39}"
EndProject
Project("{9A19103F-16F7-4668-BE54-9A1E7A4F7556}") = "Develop05", "prove\Develop05\Develop05.csproj", "{237F9979-EACF-4A30-8124-5E4787C7EE53}"
EndProject
Project("{9A19103F-16F7-4668-BE54-9A1E7A4F7556}") = "Develop06", "prove\Develop06\Develop06.csproj", "{1CD5ED74-D6DF-48F4-B8C8-0E878757A9E6}"
EndProject
Project("{2150E333-8FDC-42A3-9474-1A3956D46DE8}") = "sandbox", "sandbox", "{0CD9071D-4BB3-46DD-9BE7-ADB4BDB97BAB}"
EndProject
Project("{9A19103F-16F7-4668-BE54-9A1E7A4F7556}") = "Sandbox", "sandbox\Sandbox\Sandbox.csproj", "{BBDC77A2-83A5-4287-ABAC-982075BF4106}"
EndProject
Global
	GlobalSection(SolutionConfigurationPlatforms) = preSolution
		Debug|Any CPU = Debug|Any CPU
		Release|Any CPU = Release|Any CPU
	EndGlobalSection
	GlobalSection(ProjectConfigurationPlatforms) = postSolution
		{ECD0F697-A337-40DD-9635-39BA6FF7EF1E}.Debug|Any CPU.ActiveCfg = Debug|Any CPU
		{ECD0F697-A337-40DD-9635-39BA6FF7EF1E}.Debug|Any CPU.Build.0 = Debug|Any CPU
		{ECD0F697-A337-40DD-9635-39BA6FF7EF1E}.Release|Any CPU.ActiveCfg = Release|Any CPU
		{ECD0F697-A337-40DD-9635-39BA6FF7EF1E}.Release|Any CPU.Build.0 = Release|Any CPU
		{C7D4C7F2-100F-4F86-9E1C-FB12C13455C1}.Debug|Any CPU.ActiveCfg = Debug|Any CPU
		{C7D4C7F2-100F-4F86-9E1C-FB12C13455C1}.Debug|Any CPU.Build.0 = Debug|Any CPU
		{C7D4C7F2-100F-4F86-9E1C-FB12C13455C1}.Release|Any CPU.ActiveCfg = Release|Any CPU
		{C7D4C7F2-100F-4F86-9E1C-FB12C13455C1}.Release|Any CPU.Build.0 = Release|Any CPU
		{19BA5954-AC1F-4005-BAB8-1BCC2B9C7893}.Debug|Any CPU.ActiveCfg = Debug|Any CPU
		{19BA5954-AC1F-4005-BAB8-1BCC2B9C7893}.Debug|Any CPU.Build.0 = Debug|Any CPU
		{19BA5954-AC1F-4005-BAB8-1BCC2B9C7893}.Release|Any CPU.ActiveCfg = Release|Any CPU
		{19BA5954-AC1F-4005-BAB8-1BCC2B9C7893}.Release|Any CPU.Build.0 = Release|Any CPU
		{A388F33D-4FD5-43E6-8CBE-564D85E50886}.Debug|Any CPU.ActiveCfg = Debug|Any CPU
		{A388F33D-4FD5-43E6-8CBE-564D85E50886}.Debug|Any CPU.Build.0 = Debug|Any CPU
		{A388F33D-4FD5-43E6-8CBE-564D85E50886}.Release|Any CPU.ActiveCfg = Release|Any CPU
		{A388F33D-4FD5-43E6-8CBE-564D85E50886}.Release|Any CPU.Build.0 = Release|Any CPU
		{C435C768-4319-4AEA-8C20-B1326AC634B8}.Debug|Any CPU.ActiveCfg = Debug|Any CPU
		{C435C768-4319-4AEA-8C20-B1326AC634B8}.Debug|Any CPU.Build.0 = Debug|Any CPU
		{C435C768-4319-4AEA-8C20-B1326AC634B8}.Release|Any CPU.ActiveCfg = Release|Any CPU
		{C435C768-4319-4AEA-8C20-B1326AC634B8}.Release|Any CPU.Build.0 = Release|Any CPU
		{133265C0-60F2-46F8-A48C-A66F195CD96A}.Debug|Any CPU.ActiveCfg = Debug|Any CPU
		{133265C0-60F2-46F8-A48C-A66F195CD96A}.Debug|Any CPU.Build.0 = Debug|Any CPU
		{133265C0-60F2-46F8-A48C-A66F195CD96A}.Release|Any CPU.ActiveCfg = Release|Any CPU
		{133265C0-60F2-46F8-A48C-A66F195CD96A}.Release|Any CPU.Build.0 = Release|Any CPU
		{0755AE51-804F-42B0-AC57-F7ACCFA8F6AC}.Debug|Any CPU.ActiveCfg = Debug|Any CPU
		{0755AE51-804F-42B0-AC57-F7ACCFA8F6AC}.Debug|Any CPU.Build.0 = Debug|Any CPU
		{0755AE51-804F-42B0-AC57-F7ACCFA8F6AC}.Release|Any CPU.ActiveCfg = Release|Any CPU
		{0755AE51-804F-42B0-AC57-F7ACCFA8F6AC}.Release|Any CPU.Build.0 = Release|Any CPU
		{483EB779-9201-422E-897C-D3D82D5F4AA3}.Debug|Any CPU.ActiveCfg = Debug|Any CPU
		{483EB779-9201-422E-897C-D3D82D5F4AA3}.Debug|Any CPU.Build.0 = Debug|Any CPU
		{483EB779-9201-422E-897C-D3D82D5F4AA3}.Release|Any CPU.ActiveCfg = Release|Any CPU
		{483EB779-9201-422E-897C-D3D82D5F4AA3}.Release|Any CPU.Build.0 = Release|Any CPU
		{C9F5D706-6F0C-4A44-B7B1-8E92C06FE8FE}.Debug|Any CPU.ActiveCfg = Debug|Any CPU
		{C9F5D706-6F0C-4A44-B7B1-8E92C06FE8FE}.Debug|Any CPU.Build.0 = Debug|Any CPU
		{C9F5D706-6F0C-4A44-B7B1-8E92C06FE8FE}.Release|Any CPU.ActiveCfg = Release|Any CPU
		{C9F5D706-6F0C-4A44-B7B1-8E92C06FE8FE}.Release|Any CPU.Build.0 = Release|Any CPU
		{B0F3EDD4-C1C5-49F1-B5B2-A4B69BF489E5}.Debug|Any CPU.ActiveCfg = Debug|Any CPU
		{B0F3EDD4-C1C5-49F1-B5B2-A4B69BF489E5}.Debug|Any CPU.Build.0 = Debug|Any CPU
		{B0F3EDD4-C1C5-49F1-B5B2-A4B69BF489E5}.Release|Any CPU.ActiveCfg = Release|Any CPU
		{B0F3EDD4-C1C5-49F1-B5B2-A4B69BF489E5}.Release|Any CPU.Build.0 = Release|Any CPU
		{C3423139-B8B6-47BE-92CC-ED79EBCB0FCC}.Debug|Any CPU.ActiveCfg = Debug|Any CPU
		{C3423139-B8B6-47BE-92CC-ED79EBCB0FCC}.Debug|Any CPU.Build.0 = Debug|Any CPU
		{C3423139-B8B6-47BE-92CC-ED79EBCB0FCC}.Release|Any CPU.ActiveCfg = Release|Any CPU
		{C3423139-B8B6-47BE-92CC-ED79EBCB0FCC}.Release|Any CPU.Build.0 = Release|Any CPU
		{C2ED63A4-20EB-40D5-B23B-12DFF8C65ECC}.Debug|Any CPU.ActiveCfg = Debug|Any CPU
		{C2ED63A4-20EB-40D5-B23B-12DFF8C65ECC}.Debug|Any CPU.Build.0 = Debug|Any CPU
		{C2ED63A4-20EB-40D5-B23B-12DFF8C65ECC}.Release|Any CPU.ActiveCfg = Release|Any CPU
		{C2ED63A4-20EB-40D5-B23B-12DFF8C65ECC}.Release|Any CPU.Build.0 = Release|Any CPU
		{1074AE0E-61BB-4F20-A371-1EDED09B14DB}.Debug|Any CPU.ActiveCfg = Debug|Any CPU
		{1074AE0E-61BB-4F20-A371-1EDED09B14DB}.Debug|Any CPU.Build.0 = Debug|Any CPU
		{1074AE0E-61BB-4F20-A371-1EDED09B14DB}.Release|Any CPU.ActiveCfg = Release|Any CPU
		{1074AE0E-61BB-4F20-A371-1EDED09B14DB}.Release|Any CPU.Build.0 = Release|Any CPU
		{167685E4-DC89-4C54-9130-474C65C3AB39}.Debug|Any CPU.ActiveCfg = Debug|Any CPU
		{167685E4-DC89-4C54-9130-474C65C3AB39}.Debug|Any CPU.Build.0 = Debug|Any CPU
		{167685E4-DC89-4C54-9130-474C65C3AB39}.Release|Any CPU.ActiveCfg = Release|Any CPU
		{167685E4-DC89-4C54-9130-474C65C3AB39}.Release|Any CPU.Build.0 = Release|Any CPU
		{237F9979-EACF-4A30-8124-5E4787C7EE53}.Debug|Any CPU.ActiveCfg = Debug|Any CPU
		{237F9979-EACF-4A30-8124-5E4787C7EE53}.Debug|Any CPU.Build.0 = Debug|Any CPU
		{237F9979-EACF-4A30-8124-5E4787C7EE53}.Release|Any CPU.ActiveCfg = Release|Any CPU
		{237F9979-EACF-4A30-8124-5E4787C7EE53}.Release|Any CPU.Build.0 = Release|Any CPU
		{1CD5ED74-D6DF-48F4-B8C8-0E878757A9E6}.Debug|Any CPU.ActiveCfg = Debug|Any CPU
		{1CD5ED74-D6DF-48F4-B8C8-0E878757A9E6}.Debug|Any CPU.Build.0 = Debug|Any CPU
		{1CD5ED74-D6DF-48F4-B8C8-0E878757A9E6}.Release|Any CPU.ActiveCfg = Release|Any CPU
		{1CD5ED74-D6DF-48F4-B8C8-0E878757A9E6}.Release|Any CPU.Build.0 = Release|Any CPU
		{BBDC77A2-83A5-4287-ABAC-982075BF4106}.Debug|Any CPU.ActiveCfg = Debug|Any CPU
		{BBDC77A2-83A5-4287-ABAC-982075BF4106}.Debug|Any CPU.Build.0 = Debug|Any CPU
		{BBDC77A2-83A5-4287-ABAC-982075BF4106}.Release|Any CPU.ActiveCfg = Release|Any CPU
		{BBDC77A2-83A5-4287-ABAC-982075BF4106}.Release|Any CPU.Build.0 = Release|Any CPU
	EndGlobalSection
	GlobalSection(SolutionProperties) = preSolution
		HideSolutionNode = FALSE
	EndGlobalSection
	GlobalSection(NestedProjects) = preSolution
		{ECD0F697-A337-40DD-9635-39BA6FF7EF1E} = {A05C110F-214D-4622-95D8-FA8D5BA5488C}
		{C7D4C7F2-100F-4F86-9E1C-FB12C13455C1} = {A05C110F-214D-4622-95D8-FA8D5BA5488C}
		{19BA5954-AC1F-4005-BAB8-1BCC2B9C7893} = {A05C110F-214D-4622-95D8-FA8D5BA5488C}
		{A388F33D-4FD5-43E6-8CBE-564D85E50886} = {A05C110F-214D-4622-95D8-FA8D5BA5488C}
		{C435C768-4319-4AEA-8C20-B1326AC634B8} = {A05C110F-214D-4622-95D8-FA8D5BA5488C}
		{133265C0-60F2-46F8-A48C-A66F195CD96A} = {5AB34448-FB12-42C6-B20C-D71C7B0123A7}
		{0755AE51-804F-42B0-AC57-F7ACCFA8F6AC} = {5AB34448-FB12-42C6-B20C-D71C7B0123A7}
		{483EB779-9201-422E-897C-D3D82D5F4AA3} = {5AB34448-FB12-42C6-B20C-D71C7B0123A7}
		{C9F5D706-6F0C-4A44-B7B1-8E92C06FE8FE} = {04DF2AD7-EA78-48B3-A0C5-438C6494D977}
		{B0F3EDD4-C1C5-49F1-B5B2-A4B69BF489E5} = {04DF2AD7-EA78-48B3-A0C5-438C6494D977}
		{C3423139-B8B6-47BE-92CC-ED79EBCB0FCC} = {04DF2AD7-EA78-48B3-A0C5-438C6494D977}
		{C2ED63A4-20EB-40D5-B23B-12DFF8C65ECC} = {04DF2AD7-EA78-48B3-A0C5-438C6494D977}
		{1074AE0E-61BB-4F20-A371-1EDED09B14DB} = {D576CF57-F403-4A9B-B478-A0357D6DAAF4}
		{167685E4-DC89-4C54-9130-474C65C3AB39} = {D576CF57-F403-4A9B-B478-A0357D6DAAF4}
		{237F9979-EACF-4A30-8124-5E4787C7EE53} = {D576CF57-F403-4A9B-B478-A0357D6DAAF4}
		{1CD5ED74-D6DF-48F4-B8C8-0E878757A9E6} = {D576CF57-F403-4A9B-B478-A0357D6DAAF4}
		{BBDC77A2-83A5-4287-ABAC-982075BF4106} = {0CD9071D-4BB3-46DD-9BE7-ADB4BDB97BAB}
	EndGlobalSection
	GlobalSection(ExtensibilityGlobals) = postSolution
		SolutionGuid = {CFCC46CC-955B-4382-AD2D-7940512A220D}
	EndGlobalSection
EndGlobal
